
Microsoft Visual Studio Solution File, Format Version 12.00
# Visual Studio Version 16
VisualStudioVersion = 16.6.30114.105
MinimumVisualStudioVersion = 10.0.40219.1
Project("{FAE04EC0-301F-11D3-BF4B-00C04F79EFBC}") = "application", "Api.Application\application.csproj", "{8990CF0B-DD65-4581-974A-B3BD00ADADFC}"
EndProject
Project("{FAE04EC0-301F-11D3-BF4B-00C04F79EFBC}") = "Domain", "Api.Domain\Domain.csproj", "{E0C2FE90-8858-4B40-BE3D-ABA888080BF9}"
EndProject
Project("{FAE04EC0-301F-11D3-BF4B-00C04F79EFBC}") = "Api.CrossCutting", "Api.CrossCutting\Api.CrossCutting.csproj", "{376B4D2C-6042-429E-BFA3-BAAF06B8EF0F}"
EndProject
Project("{FAE04EC0-301F-11D3-BF4B-00C04F79EFBC}") = "Data", "Api.Data\Data.csproj", "{347164A3-71E9-4D70-A68A-06ABC85DAF5A}"
EndProject
Project("{FAE04EC0-301F-11D3-BF4B-00C04F79EFBC}") = "Service", "Api.Service\Service.csproj", "{2E5D0DF4-8619-4D8D-9AE6-ED6FD6472EDB}"
EndProject
Global
	GlobalSection(SolutionConfigurationPlatforms) = preSolution
		Debug|Any CPU = Debug|Any CPU
		Debug|x64 = Debug|x64
		Debug|x86 = Debug|x86
		Release|Any CPU = Release|Any CPU
		Release|x64 = Release|x64
		Release|x86 = Release|x86
	EndGlobalSection
	GlobalSection(SolutionProperties) = preSolution
		HideSolutionNode = FALSE
	EndGlobalSection
	GlobalSection(ProjectConfigurationPlatforms) = postSolution
		{8990CF0B-DD65-4581-974A-B3BD00ADADFC}.Debug|Any CPU.ActiveCfg = Debug|Any CPU
		{8990CF0B-DD65-4581-974A-B3BD00ADADFC}.Debug|Any CPU.Build.0 = Debug|Any CPU
		{8990CF0B-DD65-4581-974A-B3BD00ADADFC}.Debug|x64.ActiveCfg = Debug|Any CPU
		{8990CF0B-DD65-4581-974A-B3BD00ADADFC}.Debug|x64.Build.0 = Debug|Any CPU
		{8990CF0B-DD65-4581-974A-B3BD00ADADFC}.Debug|x86.ActiveCfg = Debug|Any CPU
		{8990CF0B-DD65-4581-974A-B3BD00ADADFC}.Debug|x86.Build.0 = Debug|Any CPU
		{8990CF0B-DD65-4581-974A-B3BD00ADADFC}.Release|Any CPU.ActiveCfg = Release|Any CPU
		{8990CF0B-DD65-4581-974A-B3BD00ADADFC}.Release|Any CPU.Build.0 = Release|Any CPU
		{8990CF0B-DD65-4581-974A-B3BD00ADADFC}.Release|x64.ActiveCfg = Release|Any CPU
		{8990CF0B-DD65-4581-974A-B3BD00ADADFC}.Release|x64.Build.0 = Release|Any CPU
		{8990CF0B-DD65-4581-974A-B3BD00ADADFC}.Release|x86.ActiveCfg = Release|Any CPU
		{8990CF0B-DD65-4581-974A-B3BD00ADADFC}.Release|x86.Build.0 = Release|Any CPU
		{E0C2FE90-8858-4B40-BE3D-ABA888080BF9}.Debug|Any CPU.ActiveCfg = Debug|Any CPU
		{E0C2FE90-8858-4B40-BE3D-ABA888080BF9}.Debug|Any CPU.Build.0 = Debug|Any CPU
		{E0C2FE90-8858-4B40-BE3D-ABA888080BF9}.Debug|x64.ActiveCfg = Debug|Any CPU
		{E0C2FE90-8858-4B40-BE3D-ABA888080BF9}.Debug|x64.Build.0 = Debug|Any CPU
		{E0C2FE90-8858-4B40-BE3D-ABA888080BF9}.Debug|x86.ActiveCfg = Debug|Any CPU
		{E0C2FE90-8858-4B40-BE3D-ABA888080BF9}.Debug|x86.Build.0 = Debug|Any CPU
		{E0C2FE90-8858-4B40-BE3D-ABA888080BF9}.Release|Any CPU.ActiveCfg = Release|Any CPU
		{E0C2FE90-8858-4B40-BE3D-ABA888080BF9}.Release|Any CPU.Build.0 = Release|Any CPU
		{E0C2FE90-8858-4B40-BE3D-ABA888080BF9}.Release|x64.ActiveCfg = Release|Any CPU
		{E0C2FE90-8858-4B40-BE3D-ABA888080BF9}.Release|x64.Build.0 = Release|Any CPU
		{E0C2FE90-8858-4B40-BE3D-ABA888080BF9}.Release|x86.ActiveCfg = Release|Any CPU
		{E0C2FE90-8858-4B40-BE3D-ABA888080BF9}.Release|x86.Build.0 = Release|Any CPU
		{376B4D2C-6042-429E-BFA3-BAAF06B8EF0F}.Debug|Any CPU.ActiveCfg = Debug|Any CPU
		{376B4D2C-6042-429E-BFA3-BAAF06B8EF0F}.Debug|Any CPU.Build.0 = Debug|Any CPU
		{376B4D2C-6042-429E-BFA3-BAAF06B8EF0F}.Debug|x64.ActiveCfg = Debug|Any CPU
		{376B4D2C-6042-429E-BFA3-BAAF06B8EF0F}.Debug|x64.Build.0 = Debug|Any CPU
		{376B4D2C-6042-429E-BFA3-BAAF06B8EF0F}.Debug|x86.ActiveCfg = Debug|Any CPU
		{376B4D2C-6042-429E-BFA3-BAAF06B8EF0F}.Debug|x86.Build.0 = Debug|Any CPU
		{376B4D2C-6042-429E-BFA3-BAAF06B8EF0F}.Release|Any CPU.ActiveCfg = Release|Any CPU
		{376B4D2C-6042-429E-BFA3-BAAF06B8EF0F}.Release|Any CPU.Build.0 = Release|Any CPU
		{376B4D2C-6042-429E-BFA3-BAAF06B8EF0F}.Release|x64.ActiveCfg = Release|Any CPU
		{376B4D2C-6042-429E-BFA3-BAAF06B8EF0F}.Release|x64.Build.0 = Release|Any CPU
		{376B4D2C-6042-429E-BFA3-BAAF06B8EF0F}.Release|x86.ActiveCfg = Release|Any CPU
		{376B4D2C-6042-429E-BFA3-BAAF06B8EF0F}.Release|x86.Build.0 = Release|Any CPU
		{347164A3-71E9-4D70-A68A-06ABC85DAF5A}.Debug|Any CPU.ActiveCfg = Debug|Any CPU
		{347164A3-71E9-4D70-A68A-06ABC85DAF5A}.Debug|Any CPU.Build.0 = Debug|Any CPU
		{347164A3-71E9-4D70-A68A-06ABC85DAF5A}.Debug|x64.ActiveCfg = Debug|Any CPU
		{347164A3-71E9-4D70-A68A-06ABC85DAF5A}.Debug|x64.Build.0 = Debug|Any CPU
		{347164A3-71E9-4D70-A68A-06ABC85DAF5A}.Debug|x86.ActiveCfg = Debug|Any CPU
		{347164A3-71E9-4D70-A68A-06ABC85DAF5A}.Debug|x86.Build.0 = Debug|Any CPU
		{347164A3-71E9-4D70-A68A-06ABC85DAF5A}.Release|Any CPU.ActiveCfg = Release|Any CPU
		{347164A3-71E9-4D70-A68A-06ABC85DAF5A}.Release|Any CPU.Build.0 = Release|Any CPU
		{347164A3-71E9-4D70-A68A-06ABC85DAF5A}.Release|x64.ActiveCfg = Release|Any CPU
		{347164A3-71E9-4D70-A68A-06ABC85DAF5A}.Release|x64.Build.0 = Release|Any CPU
		{347164A3-71E9-4D70-A68A-06ABC85DAF5A}.Release|x86.ActiveCfg = Release|Any CPU
		{347164A3-71E9-4D70-A68A-06ABC85DAF5A}.Release|x86.Build.0 = Release|Any CPU
		{2E5D0DF4-8619-4D8D-9AE6-ED6FD6472EDB}.Debug|Any CPU.ActiveCfg = Debug|Any CPU
		{2E5D0DF4-8619-4D8D-9AE6-ED6FD6472EDB}.Debug|Any CPU.Build.0 = Debug|Any CPU
		{2E5D0DF4-8619-4D8D-9AE6-ED6FD6472EDB}.Debug|x64.ActiveCfg = Debug|Any CPU
		{2E5D0DF4-8619-4D8D-9AE6-ED6FD6472EDB}.Debug|x64.Build.0 = Debug|Any CPU
		{2E5D0DF4-8619-4D8D-9AE6-ED6FD6472EDB}.Debug|x86.ActiveCfg = Debug|Any CPU
		{2E5D0DF4-8619-4D8D-9AE6-ED6FD6472EDB}.Debug|x86.Build.0 = Debug|Any CPU
		{2E5D0DF4-8619-4D8D-9AE6-ED6FD6472EDB}.Release|Any CPU.ActiveCfg = Release|Any CPU
		{2E5D0DF4-8619-4D8D-9AE6-ED6FD6472EDB}.Release|Any CPU.Build.0 = Release|Any CPU
		{2E5D0DF4-8619-4D8D-9AE6-ED6FD6472EDB}.Release|x64.ActiveCfg = Release|Any CPU
		{2E5D0DF4-8619-4D8D-9AE6-ED6FD6472EDB}.Release|x64.Build.0 = Release|Any CPU
		{2E5D0DF4-8619-4D8D-9AE6-ED6FD6472EDB}.Release|x86.ActiveCfg = Release|Any CPU
		{2E5D0DF4-8619-4D8D-9AE6-ED6FD6472EDB}.Release|x86.Build.0 = Release|Any CPU
	EndGlobalSection
EndGlobal
